
Microsoft Visual Studio Solution File, Format Version 12.00
# Visual Studio 15
VisualStudioVersion = 15.0.27130.2010
MinimumVisualStudioVersion = 10.0.40219.1
Project("{FAE04EC0-301F-11D3-BF4B-00C04F79EFBC}") = "day3.2", "day3.2\day3.2.csproj", "{F353FE57-10B7-48BF-A69D-458D7CA9673F}"
EndProject
Global
	GlobalSection(SolutionConfigurationPlatforms) = preSolution
		Debug|Any CPU = Debug|Any CPU
		Release|Any CPU = Release|Any CPU
	EndGlobalSection
	GlobalSection(ProjectConfigurationPlatforms) = postSolution
		{F353FE57-10B7-48BF-A69D-458D7CA9673F}.Debug|Any CPU.ActiveCfg = Debug|Any CPU
		{F353FE57-10B7-48BF-A69D-458D7CA9673F}.Debug|Any CPU.Build.0 = Debug|Any CPU
		{F353FE57-10B7-48BF-A69D-458D7CA9673F}.Release|Any CPU.ActiveCfg = Release|Any CPU
		{F353FE57-10B7-48BF-A69D-458D7CA9673F}.Release|Any CPU.Build.0 = Release|Any CPU
	EndGlobalSection
	GlobalSection(SolutionProperties) = preSolution
		HideSolutionNode = FALSE
	EndGlobalSection
	GlobalSection(ExtensibilityGlobals) = postSolution
		SolutionGuid = {19F656C7-E586-4659-BCC8-6DD7EBE843E0}
	EndGlobalSection
EndGlobal
